
Microsoft Visual Studio Solution File, Format Version 12.00
# Visual Studio 15
VisualStudioVersion = 15.0.26730.16
MinimumVisualStudioVersion = 10.0.40219.1
Project("{FAE04EC0-301F-11D3-BF4B-00C04F79EFBC}") = "Products.Android", "Products\Products.Android\Products.Android.csproj", "{59302150-A49C-40A7-B043-7CA54BBB9091}"
EndProject
Project("{FAE04EC0-301F-11D3-BF4B-00C04F79EFBC}") = "Products", "Products\Products\Products.csproj", "{6C1E3012-E875-4B80-B131-5E2C423FB1EB}"
EndProject
Project("{FAE04EC0-301F-11D3-BF4B-00C04F79EFBC}") = "Products.UWP", "Products\Products.UWP\Products.UWP.csproj", "{05ECD788-5649-45D1-8ECA-202A33E71F7D}"
EndProject
Project("{FAE04EC0-301F-11D3-BF4B-00C04F79EFBC}") = "Products.iOS", "Products\Products.iOS\Products.iOS.csproj", "{D9EF206A-F7A2-4B0D-AFA4-14BF4E1A3740}"
EndProject
Project("{FAE04EC0-301F-11D3-BF4B-00C04F79EFBC}") = "Products.Domain", "Products.Domain\Products.Domain.csproj", "{BA210215-33FF-4040-A498-0DE3D6100E71}"
EndProject
Project("{FAE04EC0-301F-11D3-BF4B-00C04F79EFBC}") = "Products.Backend", "Products.Backend\Products.Backend.csproj", "{8E6958AE-B350-4764-ADBD-4E216CBCD668}"
EndProject
Project("{FAE04EC0-301F-11D3-BF4B-00C04F79EFBC}") = "Products.API", "Products.API\Products.API.csproj", "{BE710124-1C41-42CD-AA26-8C49ACD14CDF}"
EndProject
Global
	GlobalSection(SolutionConfigurationPlatforms) = preSolution
		Ad-Hoc|Any CPU = Ad-Hoc|Any CPU
		Ad-Hoc|ARM = Ad-Hoc|ARM
		Ad-Hoc|iPhone = Ad-Hoc|iPhone
		Ad-Hoc|iPhoneSimulator = Ad-Hoc|iPhoneSimulator
		Ad-Hoc|x64 = Ad-Hoc|x64
		Ad-Hoc|x86 = Ad-Hoc|x86
		AppStore|Any CPU = AppStore|Any CPU
		AppStore|ARM = AppStore|ARM
		AppStore|iPhone = AppStore|iPhone
		AppStore|iPhoneSimulator = AppStore|iPhoneSimulator
		AppStore|x64 = AppStore|x64
		AppStore|x86 = AppStore|x86
		Debug|Any CPU = Debug|Any CPU
		Debug|ARM = Debug|ARM
		Debug|iPhone = Debug|iPhone
		Debug|iPhoneSimulator = Debug|iPhoneSimulator
		Debug|x64 = Debug|x64
		Debug|x86 = Debug|x86
		Release|Any CPU = Release|Any CPU
		Release|ARM = Release|ARM
		Release|iPhone = Release|iPhone
		Release|iPhoneSimulator = Release|iPhoneSimulator
		Release|x64 = Release|x64
		Release|x86 = Release|x86
	EndGlobalSection
	GlobalSection(ProjectConfigurationPlatforms) = postSolution
		{59302150-A49C-40A7-B043-7CA54BBB9091}.Ad-Hoc|Any CPU.ActiveCfg = Release|Any CPU
		{59302150-A49C-40A7-B043-7CA54BBB9091}.Ad-Hoc|Any CPU.Build.0 = Release|Any CPU
		{59302150-A49C-40A7-B043-7CA54BBB9091}.Ad-Hoc|Any CPU.Deploy.0 = Release|Any CPU
		{59302150-A49C-40A7-B043-7CA54BBB9091}.Ad-Hoc|ARM.ActiveCfg = Release|Any CPU
		{59302150-A49C-40A7-B043-7CA54BBB9091}.Ad-Hoc|ARM.Build.0 = Release|Any CPU
		{59302150-A49C-40A7-B043-7CA54BBB9091}.Ad-Hoc|ARM.Deploy.0 = Release|Any CPU
		{59302150-A49C-40A7-B043-7CA54BBB9091}.Ad-Hoc|iPhone.ActiveCfg = Release|Any CPU
		{59302150-A49C-40A7-B043-7CA54BBB9091}.Ad-Hoc|iPhone.Build.0 = Release|Any CPU
		{59302150-A49C-40A7-B043-7CA54BBB9091}.Ad-Hoc|iPhone.Deploy.0 = Release|Any CPU
		{59302150-A49C-40A7-B043-7CA54BBB9091}.Ad-Hoc|iPhoneSimulator.ActiveCfg = Release|Any CPU
		{59302150-A49C-40A7-B043-7CA54BBB9091}.Ad-Hoc|iPhoneSimulator.Build.0 = Release|Any CPU
		{59302150-A49C-40A7-B043-7CA54BBB9091}.Ad-Hoc|iPhoneSimulator.Deploy.0 = Release|Any CPU
		{59302150-A49C-40A7-B043-7CA54BBB9091}.Ad-Hoc|x64.ActiveCfg = Release|Any CPU
		{59302150-A49C-40A7-B043-7CA54BBB9091}.Ad-Hoc|x64.Build.0 = Release|Any CPU
		{59302150-A49C-40A7-B043-7CA54BBB9091}.Ad-Hoc|x64.Deploy.0 = Release|Any CPU
		{59302150-A49C-40A7-B043-7CA54BBB9091}.Ad-Hoc|x86.ActiveCfg = Release|Any CPU
		{59302150-A49C-40A7-B043-7CA54BBB9091}.Ad-Hoc|x86.Build.0 = Release|Any CPU
		{59302150-A49C-40A7-B043-7CA54BBB9091}.Ad-Hoc|x86.Deploy.0 = Release|Any CPU
		{59302150-A49C-40A7-B043-7CA54BBB9091}.AppStore|Any CPU.ActiveCfg = Release|Any CPU
		{59302150-A49C-40A7-B043-7CA54BBB9091}.AppStore|Any CPU.Build.0 = Release|Any CPU
		{59302150-A49C-40A7-B043-7CA54BBB9091}.AppStore|Any CPU.Deploy.0 = Release|Any CPU
		{59302150-A49C-40A7-B043-7CA54BBB9091}.AppStore|ARM.ActiveCfg = Release|Any CPU
		{59302150-A49C-40A7-B043-7CA54BBB9091}.AppStore|ARM.Build.0 = Release|Any CPU
		{59302150-A49C-40A7-B043-7CA54BBB9091}.AppStore|ARM.Deploy.0 = Release|Any CPU
		{59302150-A49C-40A7-B043-7CA54BBB9091}.AppStore|iPhone.ActiveCfg = Release|Any CPU
		{59302150-A49C-40A7-B043-7CA54BBB9091}.AppStore|iPhone.Build.0 = Release|Any CPU
		{59302150-A49C-40A7-B043-7CA54BBB9091}.AppStore|iPhone.Deploy.0 = Release|Any CPU
		{59302150-A49C-40A7-B043-7CA54BBB9091}.AppStore|iPhoneSimulator.ActiveCfg = Release|Any CPU
		{59302150-A49C-40A7-B043-7CA54BBB9091}.AppStore|iPhoneSimulator.Build.0 = Release|Any CPU
		{59302150-A49C-40A7-B043-7CA54BBB9091}.AppStore|iPhoneSimulator.Deploy.0 = Release|Any CPU
		{59302150-A49C-40A7-B043-7CA54BBB9091}.AppStore|x64.ActiveCfg = Release|Any CPU
		{59302150-A49C-40A7-B043-7CA54BBB9091}.AppStore|x64.Build.0 = Release|Any CPU
		{59302150-A49C-40A7-B043-7CA54BBB9091}.AppStore|x64.Deploy.0 = Release|Any CPU
		{59302150-A49C-40A7-B043-7CA54BBB9091}.AppStore|x86.ActiveCfg = Release|Any CPU
		{59302150-A49C-40A7-B043-7CA54BBB9091}.AppStore|x86.Build.0 = Release|Any CPU
		{59302150-A49C-40A7-B043-7CA54BBB9091}.AppStore|x86.Deploy.0 = Release|Any CPU
		{59302150-A49C-40A7-B043-7CA54BBB9091}.Debug|Any CPU.ActiveCfg = Debug|Any CPU
		{59302150-A49C-40A7-B043-7CA54BBB9091}.Debug|Any CPU.Build.0 = Debug|Any CPU
		{59302150-A49C-40A7-B043-7CA54BBB9091}.Debug|Any CPU.Deploy.0 = Debug|Any CPU
		{59302150-A49C-40A7-B043-7CA54BBB9091}.Debug|ARM.ActiveCfg = Debug|Any CPU
		{59302150-A49C-40A7-B043-7CA54BBB9091}.Debug|ARM.Build.0 = Debug|Any CPU
		{59302150-A49C-40A7-B043-7CA54BBB9091}.Debug|ARM.Deploy.0 = Debug|Any CPU
		{59302150-A49C-40A7-B043-7CA54BBB9091}.Debug|iPhone.ActiveCfg = Debug|Any CPU
		{59302150-A49C-40A7-B043-7CA54BBB9091}.Debug|iPhone.Build.0 = Debug|Any CPU
		{59302150-A49C-40A7-B043-7CA54BBB9091}.Debug|iPhone.Deploy.0 = Debug|Any CPU
		{59302150-A49C-40A7-B043-7CA54BBB9091}.Debug|iPhoneSimulator.ActiveCfg = Debug|Any CPU
		{59302150-A49C-40A7-B043-7CA54BBB9091}.Debug|iPhoneSimulator.Build.0 = Debug|Any CPU
		{59302150-A49C-40A7-B043-7CA54BBB9091}.Debug|iPhoneSimulator.Deploy.0 = Debug|Any CPU
		{59302150-A49C-40A7-B043-7CA54BBB9091}.Debug|x64.ActiveCfg = Debug|Any CPU
		{59302150-A49C-40A7-B043-7CA54BBB9091}.Debug|x64.Build.0 = Debug|Any CPU
		{59302150-A49C-40A7-B043-7CA54BBB9091}.Debug|x64.Deploy.0 = Debug|Any CPU
		{59302150-A49C-40A7-B043-7CA54BBB9091}.Debug|x86.ActiveCfg = Debug|Any CPU
		{59302150-A49C-40A7-B043-7CA54BBB9091}.Debug|x86.Build.0 = Debug|Any CPU
		{59302150-A49C-40A7-B043-7CA54BBB9091}.Debug|x86.Deploy.0 = Debug|Any CPU
		{59302150-A49C-40A7-B043-7CA54BBB9091}.Release|Any CPU.ActiveCfg = Release|Any CPU
		{59302150-A49C-40A7-B043-7CA54BBB9091}.Release|Any CPU.Build.0 = Release|Any CPU
		{59302150-A49C-40A7-B043-7CA54BBB9091}.Release|Any CPU.Deploy.0 = Release|Any CPU
		{59302150-A49C-40A7-B043-7CA54BBB9091}.Release|ARM.ActiveCfg = Release|Any CPU
		{59302150-A49C-40A7-B043-7CA54BBB9091}.Release|ARM.Build.0 = Release|Any CPU
		{59302150-A49C-40A7-B043-7CA54BBB9091}.Release|ARM.Deploy.0 = Release|Any CPU
		{59302150-A49C-40A7-B043-7CA54BBB9091}.Release|iPhone.ActiveCfg = Release|Any CPU
		{59302150-A49C-40A7-B043-7CA54BBB9091}.Release|iPhone.Build.0 = Release|Any CPU
		{59302150-A49C-40A7-B043-7CA54BBB9091}.Release|iPhone.Deploy.0 = Release|Any CPU
		{59302150-A49C-40A7-B043-7CA54BBB9091}.Release|iPhoneSimulator.ActiveCfg = Release|Any CPU
		{59302150-A49C-40A7-B043-7CA54BBB9091}.Release|iPhoneSimulator.Build.0 = Release|Any CPU
		{59302150-A49C-40A7-B043-7CA54BBB9091}.Release|iPhoneSimulator.Deploy.0 = Release|Any CPU
		{59302150-A49C-40A7-B043-7CA54BBB9091}.Release|x64.ActiveCfg = Release|Any CPU
		{59302150-A49C-40A7-B043-7CA54BBB9091}.Release|x64.Build.0 = Release|Any CPU
		{59302150-A49C-40A7-B043-7CA54BBB9091}.Release|x64.Deploy.0 = Release|Any CPU
		{59302150-A49C-40A7-B043-7CA54BBB9091}.Release|x86.ActiveCfg = Release|Any CPU
		{59302150-A49C-40A7-B043-7CA54BBB9091}.Release|x86.Build.0 = Release|Any CPU
		{59302150-A49C-40A7-B043-7CA54BBB9091}.Release|x86.Deploy.0 = Release|Any CPU
		{6C1E3012-E875-4B80-B131-5E2C423FB1EB}.Ad-Hoc|Any CPU.ActiveCfg = Release|Any CPU
		{6C1E3012-E875-4B80-B131-5E2C423FB1EB}.Ad-Hoc|Any CPU.Build.0 = Release|Any CPU
		{6C1E3012-E875-4B80-B131-5E2C423FB1EB}.Ad-Hoc|ARM.ActiveCfg = Release|Any CPU
		{6C1E3012-E875-4B80-B131-5E2C423FB1EB}.Ad-Hoc|ARM.Build.0 = Release|Any CPU
		{6C1E3012-E875-4B80-B131-5E2C423FB1EB}.Ad-Hoc|iPhone.ActiveCfg = Release|Any CPU
		{6C1E3012-E875-4B80-B131-5E2C423FB1EB}.Ad-Hoc|iPhone.Build.0 = Release|Any CPU
		{6C1E3012-E875-4B80-B131-5E2C423FB1EB}.Ad-Hoc|iPhoneSimulator.ActiveCfg = Release|Any CPU
		{6C1E3012-E875-4B80-B131-5E2C423FB1EB}.Ad-Hoc|iPhoneSimulator.Build.0 = Release|Any CPU
		{6C1E3012-E875-4B80-B131-5E2C423FB1EB}.Ad-Hoc|x64.ActiveCfg = Release|Any CPU
		{6C1E3012-E875-4B80-B131-5E2C423FB1EB}.Ad-Hoc|x64.Build.0 = Release|Any CPU
		{6C1E3012-E875-4B80-B131-5E2C423FB1EB}.Ad-Hoc|x86.ActiveCfg = Release|Any CPU
		{6C1E3012-E875-4B80-B131-5E2C423FB1EB}.Ad-Hoc|x86.Build.0 = Release|Any CPU
		{6C1E3012-E875-4B80-B131-5E2C423FB1EB}.AppStore|Any CPU.ActiveCfg = Release|Any CPU
		{6C1E3012-E875-4B80-B131-5E2C423FB1EB}.AppStore|Any CPU.Build.0 = Release|Any CPU
		{6C1E3012-E875-4B80-B131-5E2C423FB1EB}.AppStore|ARM.ActiveCfg = Release|Any CPU
		{6C1E3012-E875-4B80-B131-5E2C423FB1EB}.AppStore|ARM.Build.0 = Release|Any CPU
		{6C1E3012-E875-4B80-B131-5E2C423FB1EB}.AppStore|iPhone.ActiveCfg = Release|Any CPU
		{6C1E3012-E875-4B80-B131-5E2C423FB1EB}.AppStore|iPhone.Build.0 = Release|Any CPU
		{6C1E3012-E875-4B80-B131-5E2C423FB1EB}.AppStore|iPhoneSimulator.ActiveCfg = Release|Any CPU
		{6C1E3012-E875-4B80-B131-5E2C423FB1EB}.AppStore|iPhoneSimulator.Build.0 = Release|Any CPU
		{6C1E3012-E875-4B80-B131-5E2C423FB1EB}.AppStore|x64.ActiveCfg = Release|Any CPU
		{6C1E3012-E875-4B80-B131-5E2C423FB1EB}.AppStore|x64.Build.0 = Release|Any CPU
		{6C1E3012-E875-4B80-B131-5E2C423FB1EB}.AppStore|x86.ActiveCfg = Release|Any CPU
		{6C1E3012-E875-4B80-B131-5E2C423FB1EB}.AppStore|x86.Build.0 = Release|Any CPU
		{6C1E3012-E875-4B80-B131-5E2C423FB1EB}.Debug|Any CPU.ActiveCfg = Debug|Any CPU
		{6C1E3012-E875-4B80-B131-5E2C423FB1EB}.Debug|Any CPU.Build.0 = Debug|Any CPU
		{6C1E3012-E875-4B80-B131-5E2C423FB1EB}.Debug|ARM.ActiveCfg = Debug|Any CPU
		{6C1E3012-E875-4B80-B131-5E2C423FB1EB}.Debug|ARM.Build.0 = Debug|Any CPU
		{6C1E3012-E875-4B80-B131-5E2C423FB1EB}.Debug|iPhone.ActiveCfg = Debug|Any CPU
		{6C1E3012-E875-4B80-B131-5E2C423FB1EB}.Debug|iPhone.Build.0 = Debug|Any CPU
		{6C1E3012-E875-4B80-B131-5E2C423FB1EB}.Debug|iPhoneSimulator.ActiveCfg = Debug|Any CPU
		{6C1E3012-E875-4B80-B131-5E2C423FB1EB}.Debug|iPhoneSimulator.Build.0 = Debug|Any CPU
		{6C1E3012-E875-4B80-B131-5E2C423FB1EB}.Debug|x64.ActiveCfg = Debug|Any CPU
		{6C1E3012-E875-4B80-B131-5E2C423FB1EB}.Debug|x64.Build.0 = Debug|Any CPU
		{6C1E3012-E875-4B80-B131-5E2C423FB1EB}.Debug|x86.ActiveCfg = Debug|Any CPU
		{6C1E3012-E875-4B80-B131-5E2C423FB1EB}.Debug|x86.Build.0 = Debug|Any CPU
		{6C1E3012-E875-4B80-B131-5E2C423FB1EB}.Release|Any CPU.ActiveCfg = Release|Any CPU
		{6C1E3012-E875-4B80-B131-5E2C423FB1EB}.Release|Any CPU.Build.0 = Release|Any CPU
		{6C1E3012-E875-4B80-B131-5E2C423FB1EB}.Release|ARM.ActiveCfg = Release|Any CPU
		{6C1E3012-E875-4B80-B131-5E2C423FB1EB}.Release|ARM.Build.0 = Release|Any CPU
		{6C1E3012-E875-4B80-B131-5E2C423FB1EB}.Release|iPhone.ActiveCfg = Release|Any CPU
		{6C1E3012-E875-4B80-B131-5E2C423FB1EB}.Release|iPhone.Build.0 = Release|Any CPU
		{6C1E3012-E875-4B80-B131-5E2C423FB1EB}.Release|iPhoneSimulator.ActiveCfg = Release|Any CPU
		{6C1E3012-E875-4B80-B131-5E2C423FB1EB}.Release|iPhoneSimulator.Build.0 = Release|Any CPU
		{6C1E3012-E875-4B80-B131-5E2C423FB1EB}.Release|x64.ActiveCfg = Release|Any CPU
		{6C1E3012-E875-4B80-B131-5E2C423FB1EB}.Release|x64.Build.0 = Release|Any CPU
		{6C1E3012-E875-4B80-B131-5E2C423FB1EB}.Release|x86.ActiveCfg = Release|Any CPU
		{6C1E3012-E875-4B80-B131-5E2C423FB1EB}.Release|x86.Build.0 = Release|Any CPU
		{05ECD788-5649-45D1-8ECA-202A33E71F7D}.Ad-Hoc|Any CPU.ActiveCfg = Release|x86
		{05ECD788-5649-45D1-8ECA-202A33E71F7D}.Ad-Hoc|Any CPU.Build.0 = Release|x86
		{05ECD788-5649-45D1-8ECA-202A33E71F7D}.Ad-Hoc|Any CPU.Deploy.0 = Release|x86
		{05ECD788-5649-45D1-8ECA-202A33E71F7D}.Ad-Hoc|ARM.ActiveCfg = Release|ARM
		{05ECD788-5649-45D1-8ECA-202A33E71F7D}.Ad-Hoc|ARM.Build.0 = Release|ARM
		{05ECD788-5649-45D1-8ECA-202A33E71F7D}.Ad-Hoc|ARM.Deploy.0 = Release|ARM
		{05ECD788-5649-45D1-8ECA-202A33E71F7D}.Ad-Hoc|iPhone.ActiveCfg = Release|x86
		{05ECD788-5649-45D1-8ECA-202A33E71F7D}.Ad-Hoc|iPhone.Build.0 = Release|x86
		{05ECD788-5649-45D1-8ECA-202A33E71F7D}.Ad-Hoc|iPhone.Deploy.0 = Release|x86
		{05ECD788-5649-45D1-8ECA-202A33E71F7D}.Ad-Hoc|iPhoneSimulator.ActiveCfg = Release|x86
		{05ECD788-5649-45D1-8ECA-202A33E71F7D}.Ad-Hoc|iPhoneSimulator.Build.0 = Release|x86
		{05ECD788-5649-45D1-8ECA-202A33E71F7D}.Ad-Hoc|iPhoneSimulator.Deploy.0 = Release|x86
		{05ECD788-5649-45D1-8ECA-202A33E71F7D}.Ad-Hoc|x64.ActiveCfg = Release|x64
		{05ECD788-5649-45D1-8ECA-202A33E71F7D}.Ad-Hoc|x64.Build.0 = Release|x64
		{05ECD788-5649-45D1-8ECA-202A33E71F7D}.Ad-Hoc|x64.Deploy.0 = Release|x64
		{05ECD788-5649-45D1-8ECA-202A33E71F7D}.Ad-Hoc|x86.ActiveCfg = Release|x86
		{05ECD788-5649-45D1-8ECA-202A33E71F7D}.Ad-Hoc|x86.Build.0 = Release|x86
		{05ECD788-5649-45D1-8ECA-202A33E71F7D}.Ad-Hoc|x86.Deploy.0 = Release|x86
		{05ECD788-5649-45D1-8ECA-202A33E71F7D}.AppStore|Any CPU.ActiveCfg = Release|x86
		{05ECD788-5649-45D1-8ECA-202A33E71F7D}.AppStore|Any CPU.Build.0 = Release|x86
		{05ECD788-5649-45D1-8ECA-202A33E71F7D}.AppStore|Any CPU.Deploy.0 = Release|x86
		{05ECD788-5649-45D1-8ECA-202A33E71F7D}.AppStore|ARM.ActiveCfg = Release|ARM
		{05ECD788-5649-45D1-8ECA-202A33E71F7D}.AppStore|ARM.Build.0 = Release|ARM
		{05ECD788-5649-45D1-8ECA-202A33E71F7D}.AppStore|ARM.Deploy.0 = Release|ARM
		{05ECD788-5649-45D1-8ECA-202A33E71F7D}.AppStore|iPhone.ActiveCfg = Release|x86
		{05ECD788-5649-45D1-8ECA-202A33E71F7D}.AppStore|iPhone.Build.0 = Release|x86
		{05ECD788-5649-45D1-8ECA-202A33E71F7D}.AppStore|iPhone.Deploy.0 = Release|x86
		{05ECD788-5649-45D1-8ECA-202A33E71F7D}.AppStore|iPhoneSimulator.ActiveCfg = Release|x86
		{05ECD788-5649-45D1-8ECA-202A33E71F7D}.AppStore|iPhoneSimulator.Build.0 = Release|x86
		{05ECD788-5649-45D1-8ECA-202A33E71F7D}.AppStore|iPhoneSimulator.Deploy.0 = Release|x86
		{05ECD788-5649-45D1-8ECA-202A33E71F7D}.AppStore|x64.ActiveCfg = Release|x64
		{05ECD788-5649-45D1-8ECA-202A33E71F7D}.AppStore|x64.Build.0 = Release|x64
		{05ECD788-5649-45D1-8ECA-202A33E71F7D}.AppStore|x64.Deploy.0 = Release|x64
		{05ECD788-5649-45D1-8ECA-202A33E71F7D}.AppStore|x86.ActiveCfg = Release|x86
		{05ECD788-5649-45D1-8ECA-202A33E71F7D}.AppStore|x86.Build.0 = Release|x86
		{05ECD788-5649-45D1-8ECA-202A33E71F7D}.AppStore|x86.Deploy.0 = Release|x86
		{05ECD788-5649-45D1-8ECA-202A33E71F7D}.Debug|Any CPU.ActiveCfg = Debug|x86
		{05ECD788-5649-45D1-8ECA-202A33E71F7D}.Debug|ARM.ActiveCfg = Debug|ARM
		{05ECD788-5649-45D1-8ECA-202A33E71F7D}.Debug|ARM.Build.0 = Debug|ARM
		{05ECD788-5649-45D1-8ECA-202A33E71F7D}.Debug|ARM.Deploy.0 = Debug|ARM
		{05ECD788-5649-45D1-8ECA-202A33E71F7D}.Debug|iPhone.ActiveCfg = Debug|x86
		{05ECD788-5649-45D1-8ECA-202A33E71F7D}.Debug|iPhoneSimulator.ActiveCfg = Debug|x86
		{05ECD788-5649-45D1-8ECA-202A33E71F7D}.Debug|x64.ActiveCfg = Debug|x64
		{05ECD788-5649-45D1-8ECA-202A33E71F7D}.Debug|x64.Build.0 = Debug|x64
		{05ECD788-5649-45D1-8ECA-202A33E71F7D}.Debug|x64.Deploy.0 = Debug|x64
		{05ECD788-5649-45D1-8ECA-202A33E71F7D}.Debug|x86.ActiveCfg = Debug|x86
		{05ECD788-5649-45D1-8ECA-202A33E71F7D}.Debug|x86.Build.0 = Debug|x86
		{05ECD788-5649-45D1-8ECA-202A33E71F7D}.Debug|x86.Deploy.0 = Debug|x86
		{05ECD788-5649-45D1-8ECA-202A33E71F7D}.Release|Any CPU.ActiveCfg = Release|x86
		{05ECD788-5649-45D1-8ECA-202A33E71F7D}.Release|ARM.ActiveCfg = Release|ARM
		{05ECD788-5649-45D1-8ECA-202A33E71F7D}.Release|ARM.Build.0 = Release|ARM
		{05ECD788-5649-45D1-8ECA-202A33E71F7D}.Release|ARM.Deploy.0 = Release|ARM
		{05ECD788-5649-45D1-8ECA-202A33E71F7D}.Release|iPhone.ActiveCfg = Release|x86
		{05ECD788-5649-45D1-8ECA-202A33E71F7D}.Release|iPhoneSimulator.ActiveCfg = Release|x86
		{05ECD788-5649-45D1-8ECA-202A33E71F7D}.Release|x64.ActiveCfg = Release|x64
		{05ECD788-5649-45D1-8ECA-202A33E71F7D}.Release|x64.Build.0 = Release|x64
		{05ECD788-5649-45D1-8ECA-202A33E71F7D}.Release|x64.Deploy.0 = Release|x64
		{05ECD788-5649-45D1-8ECA-202A33E71F7D}.Release|x86.ActiveCfg = Release|x86
		{05ECD788-5649-45D1-8ECA-202A33E71F7D}.Release|x86.Build.0 = Release|x86
		{05ECD788-5649-45D1-8ECA-202A33E71F7D}.Release|x86.Deploy.0 = Release|x86
		{D9EF206A-F7A2-4B0D-AFA4-14BF4E1A3740}.Ad-Hoc|Any CPU.ActiveCfg = Ad-Hoc|iPhone
		{D9EF206A-F7A2-4B0D-AFA4-14BF4E1A3740}.Ad-Hoc|ARM.ActiveCfg = Ad-Hoc|iPhone
		{D9EF206A-F7A2-4B0D-AFA4-14BF4E1A3740}.Ad-Hoc|iPhone.ActiveCfg = Ad-Hoc|iPhone
		{D9EF206A-F7A2-4B0D-AFA4-14BF4E1A3740}.Ad-Hoc|iPhone.Build.0 = Ad-Hoc|iPhone
		{D9EF206A-F7A2-4B0D-AFA4-14BF4E1A3740}.Ad-Hoc|iPhoneSimulator.ActiveCfg = Ad-Hoc|iPhoneSimulator
		{D9EF206A-F7A2-4B0D-AFA4-14BF4E1A3740}.Ad-Hoc|iPhoneSimulator.Build.0 = Ad-Hoc|iPhoneSimulator
		{D9EF206A-F7A2-4B0D-AFA4-14BF4E1A3740}.Ad-Hoc|x64.ActiveCfg = Ad-Hoc|iPhone
		{D9EF206A-F7A2-4B0D-AFA4-14BF4E1A3740}.Ad-Hoc|x86.ActiveCfg = Ad-Hoc|iPhone
		{D9EF206A-F7A2-4B0D-AFA4-14BF4E1A3740}.AppStore|Any CPU.ActiveCfg = AppStore|iPhone
		{D9EF206A-F7A2-4B0D-AFA4-14BF4E1A3740}.AppStore|ARM.ActiveCfg = AppStore|iPhone
		{D9EF206A-F7A2-4B0D-AFA4-14BF4E1A3740}.AppStore|iPhone.ActiveCfg = AppStore|iPhone
		{D9EF206A-F7A2-4B0D-AFA4-14BF4E1A3740}.AppStore|iPhone.Build.0 = AppStore|iPhone
		{D9EF206A-F7A2-4B0D-AFA4-14BF4E1A3740}.AppStore|iPhoneSimulator.ActiveCfg = AppStore|iPhoneSimulator
		{D9EF206A-F7A2-4B0D-AFA4-14BF4E1A3740}.AppStore|iPhoneSimulator.Build.0 = AppStore|iPhoneSimulator
		{D9EF206A-F7A2-4B0D-AFA4-14BF4E1A3740}.AppStore|x64.ActiveCfg = AppStore|iPhone
		{D9EF206A-F7A2-4B0D-AFA4-14BF4E1A3740}.AppStore|x86.ActiveCfg = AppStore|iPhone
		{D9EF206A-F7A2-4B0D-AFA4-14BF4E1A3740}.Debug|Any CPU.ActiveCfg = Debug|iPhone
		{D9EF206A-F7A2-4B0D-AFA4-14BF4E1A3740}.Debug|ARM.ActiveCfg = Debug|iPhone
		{D9EF206A-F7A2-4B0D-AFA4-14BF4E1A3740}.Debug|iPhone.ActiveCfg = Debug|iPhone
		{D9EF206A-F7A2-4B0D-AFA4-14BF4E1A3740}.Debug|iPhone.Build.0 = Debug|iPhone
		{D9EF206A-F7A2-4B0D-AFA4-14BF4E1A3740}.Debug|iPhoneSimulator.ActiveCfg = Debug|iPhoneSimulator
		{D9EF206A-F7A2-4B0D-AFA4-14BF4E1A3740}.Debug|iPhoneSimulator.Build.0 = Debug|iPhoneSimulator
		{D9EF206A-F7A2-4B0D-AFA4-14BF4E1A3740}.Debug|x64.ActiveCfg = Debug|iPhone
		{D9EF206A-F7A2-4B0D-AFA4-14BF4E1A3740}.Debug|x86.ActiveCfg = Debug|iPhone
		{D9EF206A-F7A2-4B0D-AFA4-14BF4E1A3740}.Release|Any CPU.ActiveCfg = Release|iPhone
		{D9EF206A-F7A2-4B0D-AFA4-14BF4E1A3740}.Release|ARM.ActiveCfg = Release|iPhone
		{D9EF206A-F7A2-4B0D-AFA4-14BF4E1A3740}.Release|iPhone.ActiveCfg = Release|iPhone
		{D9EF206A-F7A2-4B0D-AFA4-14BF4E1A3740}.Release|iPhone.Build.0 = Release|iPhone
		{D9EF206A-F7A2-4B0D-AFA4-14BF4E1A3740}.Release|iPhoneSimulator.ActiveCfg = Release|iPhoneSimulator
		{D9EF206A-F7A2-4B0D-AFA4-14BF4E1A3740}.Release|iPhoneSimulator.Build.0 = Release|iPhoneSimulator
		{D9EF206A-F7A2-4B0D-AFA4-14BF4E1A3740}.Release|x64.ActiveCfg = Release|iPhone
		{D9EF206A-F7A2-4B0D-AFA4-14BF4E1A3740}.Release|x86.ActiveCfg = Release|iPhone
		{BA210215-33FF-4040-A498-0DE3D6100E71}.Ad-Hoc|Any CPU.ActiveCfg = Release|Any CPU
		{BA210215-33FF-4040-A498-0DE3D6100E71}.Ad-Hoc|Any CPU.Build.0 = Release|Any CPU
		{BA210215-33FF-4040-A498-0DE3D6100E71}.Ad-Hoc|ARM.ActiveCfg = Release|Any CPU
		{BA210215-33FF-4040-A498-0DE3D6100E71}.Ad-Hoc|ARM.Build.0 = Release|Any CPU
		{BA210215-33FF-4040-A498-0DE3D6100E71}.Ad-Hoc|iPhone.ActiveCfg = Release|Any CPU
		{BA210215-33FF-4040-A498-0DE3D6100E71}.Ad-Hoc|iPhone.Build.0 = Release|Any CPU
		{BA210215-33FF-4040-A498-0DE3D6100E71}.Ad-Hoc|iPhoneSimulator.ActiveCfg = Release|Any CPU
		{BA210215-33FF-4040-A498-0DE3D6100E71}.Ad-Hoc|iPhoneSimulator.Build.0 = Release|Any CPU
		{BA210215-33FF-4040-A498-0DE3D6100E71}.Ad-Hoc|x64.ActiveCfg = Release|Any CPU
		{BA210215-33FF-4040-A498-0DE3D6100E71}.Ad-Hoc|x64.Build.0 = Release|Any CPU
		{BA210215-33FF-4040-A498-0DE3D6100E71}.Ad-Hoc|x86.ActiveCfg = Release|Any CPU
		{BA210215-33FF-4040-A498-0DE3D6100E71}.Ad-Hoc|x86.Build.0 = Release|Any CPU
		{BA210215-33FF-4040-A498-0DE3D6100E71}.AppStore|Any CPU.ActiveCfg = Release|Any CPU
		{BA210215-33FF-4040-A498-0DE3D6100E71}.AppStore|Any CPU.Build.0 = Release|Any CPU
		{BA210215-33FF-4040-A498-0DE3D6100E71}.AppStore|ARM.ActiveCfg = Release|Any CPU
		{BA210215-33FF-4040-A498-0DE3D6100E71}.AppStore|ARM.Build.0 = Release|Any CPU
		{BA210215-33FF-4040-A498-0DE3D6100E71}.AppStore|iPhone.ActiveCfg = Release|Any CPU
		{BA210215-33FF-4040-A498-0DE3D6100E71}.AppStore|iPhone.Build.0 = Release|Any CPU
		{BA210215-33FF-4040-A498-0DE3D6100E71}.AppStore|iPhoneSimulator.ActiveCfg = Release|Any CPU
		{BA210215-33FF-4040-A498-0DE3D6100E71}.AppStore|iPhoneSimulator.Build.0 = Release|Any CPU
		{BA210215-33FF-4040-A498-0DE3D6100E71}.AppStore|x64.ActiveCfg = Release|Any CPU
		{BA210215-33FF-4040-A498-0DE3D6100E71}.AppStore|x64.Build.0 = Release|Any CPU
		{BA210215-33FF-4040-A498-0DE3D6100E71}.AppStore|x86.ActiveCfg = Release|Any CPU
		{BA210215-33FF-4040-A498-0DE3D6100E71}.AppStore|x86.Build.0 = Release|Any CPU
		{BA210215-33FF-4040-A498-0DE3D6100E71}.Debug|Any CPU.ActiveCfg = Debug|Any CPU
		{BA210215-33FF-4040-A498-0DE3D6100E71}.Debug|Any CPU.Build.0 = Debug|Any CPU
		{BA210215-33FF-4040-A498-0DE3D6100E71}.Debug|ARM.ActiveCfg = Debug|Any CPU
		{BA210215-33FF-4040-A498-0DE3D6100E71}.Debug|ARM.Build.0 = Debug|Any CPU
		{BA210215-33FF-4040-A498-0DE3D6100E71}.Debug|iPhone.ActiveCfg = Debug|Any CPU
		{BA210215-33FF-4040-A498-0DE3D6100E71}.Debug|iPhone.Build.0 = Debug|Any CPU
		{BA210215-33FF-4040-A498-0DE3D6100E71}.Debug|iPhoneSimulator.ActiveCfg = Debug|Any CPU
		{BA210215-33FF-4040-A498-0DE3D6100E71}.Debug|iPhoneSimulator.Build.0 = Debug|Any CPU
		{BA210215-33FF-4040-A498-0DE3D6100E71}.Debug|x64.ActiveCfg = Debug|Any CPU
		{BA210215-33FF-4040-A498-0DE3D6100E71}.Debug|x64.Build.0 = Debug|Any CPU
		{BA210215-33FF-4040-A498-0DE3D6100E71}.Debug|x86.ActiveCfg = Debug|Any CPU
		{BA210215-33FF-4040-A498-0DE3D6100E71}.Debug|x86.Build.0 = Debug|Any CPU
		{BA210215-33FF-4040-A498-0DE3D6100E71}.Release|Any CPU.ActiveCfg = Release|Any CPU
		{BA210215-33FF-4040-A498-0DE3D6100E71}.Release|Any CPU.Build.0 = Release|Any CPU
		{BA210215-33FF-4040-A498-0DE3D6100E71}.Release|ARM.ActiveCfg = Release|Any CPU
		{BA210215-33FF-4040-A498-0DE3D6100E71}.Release|ARM.Build.0 = Release|Any CPU
		{BA210215-33FF-4040-A498-0DE3D6100E71}.Release|iPhone.ActiveCfg = Release|Any CPU
		{BA210215-33FF-4040-A498-0DE3D6100E71}.Release|iPhone.Build.0 = Release|Any CPU
		{BA210215-33FF-4040-A498-0DE3D6100E71}.Release|iPhoneSimulator.ActiveCfg = Release|Any CPU
		{BA210215-33FF-4040-A498-0DE3D6100E71}.Release|iPhoneSimulator.Build.0 = Release|Any CPU
		{BA210215-33FF-4040-A498-0DE3D6100E71}.Release|x64.ActiveCfg = Release|Any CPU
		{BA210215-33FF-4040-A498-0DE3D6100E71}.Release|x64.Build.0 = Release|Any CPU
		{BA210215-33FF-4040-A498-0DE3D6100E71}.Release|x86.ActiveCfg = Release|Any CPU
		{BA210215-33FF-4040-A498-0DE3D6100E71}.Release|x86.Build.0 = Release|Any CPU
		{8E6958AE-B350-4764-ADBD-4E216CBCD668}.Ad-Hoc|Any CPU.ActiveCfg = Release|Any CPU
		{8E6958AE-B350-4764-ADBD-4E216CBCD668}.Ad-Hoc|Any CPU.Build.0 = Release|Any CPU
		{8E6958AE-B350-4764-ADBD-4E216CBCD668}.Ad-Hoc|ARM.ActiveCfg = Release|Any CPU
		{8E6958AE-B350-4764-ADBD-4E216CBCD668}.Ad-Hoc|ARM.Build.0 = Release|Any CPU
		{8E6958AE-B350-4764-ADBD-4E216CBCD668}.Ad-Hoc|iPhone.ActiveCfg = Release|Any CPU
		{8E6958AE-B350-4764-ADBD-4E216CBCD668}.Ad-Hoc|iPhone.Build.0 = Release|Any CPU
		{8E6958AE-B350-4764-ADBD-4E216CBCD668}.Ad-Hoc|iPhoneSimulator.ActiveCfg = Release|Any CPU
		{8E6958AE-B350-4764-ADBD-4E216CBCD668}.Ad-Hoc|iPhoneSimulator.Build.0 = Release|Any CPU
		{8E6958AE-B350-4764-ADBD-4E216CBCD668}.Ad-Hoc|x64.ActiveCfg = Release|Any CPU
		{8E6958AE-B350-4764-ADBD-4E216CBCD668}.Ad-Hoc|x64.Build.0 = Release|Any CPU
		{8E6958AE-B350-4764-ADBD-4E216CBCD668}.Ad-Hoc|x86.ActiveCfg = Release|Any CPU
		{8E6958AE-B350-4764-ADBD-4E216CBCD668}.Ad-Hoc|x86.Build.0 = Release|Any CPU
		{8E6958AE-B350-4764-ADBD-4E216CBCD668}.AppStore|Any CPU.ActiveCfg = Release|Any CPU
		{8E6958AE-B350-4764-ADBD-4E216CBCD668}.AppStore|Any CPU.Build.0 = Release|Any CPU
		{8E6958AE-B350-4764-ADBD-4E216CBCD668}.AppStore|ARM.ActiveCfg = Release|Any CPU
		{8E6958AE-B350-4764-ADBD-4E216CBCD668}.AppStore|ARM.Build.0 = Release|Any CPU
		{8E6958AE-B350-4764-ADBD-4E216CBCD668}.AppStore|iPhone.ActiveCfg = Release|Any CPU
		{8E6958AE-B350-4764-ADBD-4E216CBCD668}.AppStore|iPhone.Build.0 = Release|Any CPU
		{8E6958AE-B350-4764-ADBD-4E216CBCD668}.AppStore|iPhoneSimulator.ActiveCfg = Release|Any CPU
		{8E6958AE-B350-4764-ADBD-4E216CBCD668}.AppStore|iPhoneSimulator.Build.0 = Release|Any CPU
		{8E6958AE-B350-4764-ADBD-4E216CBCD668}.AppStore|x64.ActiveCfg = Release|Any CPU
		{8E6958AE-B350-4764-ADBD-4E216CBCD668}.AppStore|x64.Build.0 = Release|Any CPU
		{8E6958AE-B350-4764-ADBD-4E216CBCD668}.AppStore|x86.ActiveCfg = Release|Any CPU
		{8E6958AE-B350-4764-ADBD-4E216CBCD668}.AppStore|x86.Build.0 = Release|Any CPU
		{8E6958AE-B350-4764-ADBD-4E216CBCD668}.Debug|Any CPU.ActiveCfg = Debug|Any CPU
		{8E6958AE-B350-4764-ADBD-4E216CBCD668}.Debug|Any CPU.Build.0 = Debug|Any CPU
		{8E6958AE-B350-4764-ADBD-4E216CBCD668}.Debug|ARM.ActiveCfg = Debug|Any CPU
		{8E6958AE-B350-4764-ADBD-4E216CBCD668}.Debug|ARM.Build.0 = Debug|Any CPU
		{8E6958AE-B350-4764-ADBD-4E216CBCD668}.Debug|iPhone.ActiveCfg = Debug|Any CPU
		{8E6958AE-B350-4764-ADBD-4E216CBCD668}.Debug|iPhone.Build.0 = Debug|Any CPU
		{8E6958AE-B350-4764-ADBD-4E216CBCD668}.Debug|iPhoneSimulator.ActiveCfg = Debug|Any CPU
		{8E6958AE-B350-4764-ADBD-4E216CBCD668}.Debug|iPhoneSimulator.Build.0 = Debug|Any CPU
		{8E6958AE-B350-4764-ADBD-4E216CBCD668}.Debug|x64.ActiveCfg = Debug|Any CPU
		{8E6958AE-B350-4764-ADBD-4E216CBCD668}.Debug|x64.Build.0 = Debug|Any CPU
		{8E6958AE-B350-4764-ADBD-4E216CBCD668}.Debug|x86.ActiveCfg = Debug|Any CPU
		{8E6958AE-B350-4764-ADBD-4E216CBCD668}.Debug|x86.Build.0 = Debug|Any CPU
		{8E6958AE-B350-4764-ADBD-4E216CBCD668}.Release|Any CPU.ActiveCfg = Release|Any CPU
		{8E6958AE-B350-4764-ADBD-4E216CBCD668}.Release|Any CPU.Build.0 = Release|Any CPU
		{8E6958AE-B350-4764-ADBD-4E216CBCD668}.Release|ARM.ActiveCfg = Release|Any CPU
		{8E6958AE-B350-4764-ADBD-4E216CBCD668}.Release|ARM.Build.0 = Release|Any CPU
		{8E6958AE-B350-4764-ADBD-4E216CBCD668}.Release|iPhone.ActiveCfg = Release|Any CPU
		{8E6958AE-B350-4764-ADBD-4E216CBCD668}.Release|iPhone.Build.0 = Release|Any CPU
		{8E6958AE-B350-4764-ADBD-4E216CBCD668}.Release|iPhoneSimulator.ActiveCfg = Release|Any CPU
		{8E6958AE-B350-4764-ADBD-4E216CBCD668}.Release|iPhoneSimulator.Build.0 = Release|Any CPU
		{8E6958AE-B350-4764-ADBD-4E216CBCD668}.Release|x64.ActiveCfg = Release|Any CPU
		{8E6958AE-B350-4764-ADBD-4E216CBCD668}.Release|x64.Build.0 = Release|Any CPU
		{8E6958AE-B350-4764-ADBD-4E216CBCD668}.Release|x86.ActiveCfg = Release|Any CPU
		{8E6958AE-B350-4764-ADBD-4E216CBCD668}.Release|x86.Build.0 = Release|Any CPU
		{BE710124-1C41-42CD-AA26-8C49ACD14CDF}.Ad-Hoc|Any CPU.ActiveCfg = Release|Any CPU
		{BE710124-1C41-42CD-AA26-8C49ACD14CDF}.Ad-Hoc|Any CPU.Build.0 = Release|Any CPU
		{BE710124-1C41-42CD-AA26-8C49ACD14CDF}.Ad-Hoc|ARM.ActiveCfg = Release|Any CPU
		{BE710124-1C41-42CD-AA26-8C49ACD14CDF}.Ad-Hoc|ARM.Build.0 = Release|Any CPU
		{BE710124-1C41-42CD-AA26-8C49ACD14CDF}.Ad-Hoc|iPhone.ActiveCfg = Release|Any CPU
		{BE710124-1C41-42CD-AA26-8C49ACD14CDF}.Ad-Hoc|iPhone.Build.0 = Release|Any CPU
		{BE710124-1C41-42CD-AA26-8C49ACD14CDF}.Ad-Hoc|iPhoneSimulator.ActiveCfg = Release|Any CPU
		{BE710124-1C41-42CD-AA26-8C49ACD14CDF}.Ad-Hoc|iPhoneSimulator.Build.0 = Release|Any CPU
		{BE710124-1C41-42CD-AA26-8C49ACD14CDF}.Ad-Hoc|x64.ActiveCfg = Release|Any CPU
		{BE710124-1C41-42CD-AA26-8C49ACD14CDF}.Ad-Hoc|x64.Build.0 = Release|Any CPU
		{BE710124-1C41-42CD-AA26-8C49ACD14CDF}.Ad-Hoc|x86.ActiveCfg = Release|Any CPU
		{BE710124-1C41-42CD-AA26-8C49ACD14CDF}.Ad-Hoc|x86.Build.0 = Release|Any CPU
		{BE710124-1C41-42CD-AA26-8C49ACD14CDF}.AppStore|Any CPU.ActiveCfg = Release|Any CPU
		{BE710124-1C41-42CD-AA26-8C49ACD14CDF}.AppStore|Any CPU.Build.0 = Release|Any CPU
		{BE710124-1C41-42CD-AA26-8C49ACD14CDF}.AppStore|ARM.ActiveCfg = Release|Any CPU
		{BE710124-1C41-42CD-AA26-8C49ACD14CDF}.AppStore|ARM.Build.0 = Release|Any CPU
		{BE710124-1C41-42CD-AA26-8C49ACD14CDF}.AppStore|iPhone.ActiveCfg = Release|Any CPU
		{BE710124-1C41-42CD-AA26-8C49ACD14CDF}.AppStore|iPhone.Build.0 = Release|Any CPU
		{BE710124-1C41-42CD-AA26-8C49ACD14CDF}.AppStore|iPhoneSimulator.ActiveCfg = Release|Any CPU
		{BE710124-1C41-42CD-AA26-8C49ACD14CDF}.AppStore|iPhoneSimulator.Build.0 = Release|Any CPU
		{BE710124-1C41-42CD-AA26-8C49ACD14CDF}.AppStore|x64.ActiveCfg = Release|Any CPU
		{BE710124-1C41-42CD-AA26-8C49ACD14CDF}.AppStore|x64.Build.0 = Release|Any CPU
		{BE710124-1C41-42CD-AA26-8C49ACD14CDF}.AppStore|x86.ActiveCfg = Release|Any CPU
		{BE710124-1C41-42CD-AA26-8C49ACD14CDF}.AppStore|x86.Build.0 = Release|Any CPU
		{BE710124-1C41-42CD-AA26-8C49ACD14CDF}.Debug|Any CPU.ActiveCfg = Debug|Any CPU
		{BE710124-1C41-42CD-AA26-8C49ACD14CDF}.Debug|Any CPU.Build.0 = Debug|Any CPU
		{BE710124-1C41-42CD-AA26-8C49ACD14CDF}.Debug|ARM.ActiveCfg = Debug|Any CPU
		{BE710124-1C41-42CD-AA26-8C49ACD14CDF}.Debug|ARM.Build.0 = Debug|Any CPU
		{BE710124-1C41-42CD-AA26-8C49ACD14CDF}.Debug|iPhone.ActiveCfg = Debug|Any CPU
		{BE710124-1C41-42CD-AA26-8C49ACD14CDF}.Debug|iPhone.Build.0 = Debug|Any CPU
		{BE710124-1C41-42CD-AA26-8C49ACD14CDF}.Debug|iPhoneSimulator.ActiveCfg = Debug|Any CPU
		{BE710124-1C41-42CD-AA26-8C49ACD14CDF}.Debug|iPhoneSimulator.Build.0 = Debug|Any CPU
		{BE710124-1C41-42CD-AA26-8C49ACD14CDF}.Debug|x64.ActiveCfg = Debug|Any CPU
		{BE710124-1C41-42CD-AA26-8C49ACD14CDF}.Debug|x64.Build.0 = Debug|Any CPU
		{BE710124-1C41-42CD-AA26-8C49ACD14CDF}.Debug|x86.ActiveCfg = Debug|Any CPU
		{BE710124-1C41-42CD-AA26-8C49ACD14CDF}.Debug|x86.Build.0 = Debug|Any CPU
		{BE710124-1C41-42CD-AA26-8C49ACD14CDF}.Release|Any CPU.ActiveCfg = Release|Any CPU
		{BE710124-1C41-42CD-AA26-8C49ACD14CDF}.Release|Any CPU.Build.0 = Release|Any CPU
		{BE710124-1C41-42CD-AA26-8C49ACD14CDF}.Release|ARM.ActiveCfg = Release|Any CPU
		{BE710124-1C41-42CD-AA26-8C49ACD14CDF}.Release|ARM.Build.0 = Release|Any CPU
		{BE710124-1C41-42CD-AA26-8C49ACD14CDF}.Release|iPhone.ActiveCfg = Release|Any CPU
		{BE710124-1C41-42CD-AA26-8C49ACD14CDF}.Release|iPhone.Build.0 = Release|Any CPU
		{BE710124-1C41-42CD-AA26-8C49ACD14CDF}.Release|iPhoneSimulator.ActiveCfg = Release|Any CPU
		{BE710124-1C41-42CD-AA26-8C49ACD14CDF}.Release|iPhoneSimulator.Build.0 = Release|Any CPU
		{BE710124-1C41-42CD-AA26-8C49ACD14CDF}.Release|x64.ActiveCfg = Release|Any CPU
		{BE710124-1C41-42CD-AA26-8C49ACD14CDF}.Release|x64.Build.0 = Release|Any CPU
		{BE710124-1C41-42CD-AA26-8C49ACD14CDF}.Release|x86.ActiveCfg = Release|Any CPU
		{BE710124-1C41-42CD-AA26-8C49ACD14CDF}.Release|x86.Build.0 = Release|Any CPU
	EndGlobalSection
	GlobalSection(SolutionProperties) = preSolution
		HideSolutionNode = FALSE
	EndGlobalSection
	GlobalSection(ExtensibilityGlobals) = postSolution
		SolutionGuid = {2C9F4E70-4150-43F8-BE79-B4D7EFB0C2E7}
	EndGlobalSection
EndGlobal
